
Microsoft Visual Studio Solution File, Format Version 12.00
# Visual Studio Version 17
VisualStudioVersion = 17.4.33122.133
MinimumVisualStudioVersion = 10.0.40219.1
Project("{FAE04EC0-301F-11D3-BF4B-00C04F79EFBC}") = "ASP.Net_Fibonacci_Dependecy_Injection", "ASP.Net_Fibonacci_Dependecy_Injection\ASP.Net_Fibonacci_Dependecy_Injection.csproj", "{F66D6A07-9E14-431D-8C36-AA2BA1635095}"
EndProject
Global
	GlobalSection(SolutionConfigurationPlatforms) = preSolution
		Debug|Any CPU = Debug|Any CPU
		Release|Any CPU = Release|Any CPU
	EndGlobalSection
	GlobalSection(ProjectConfigurationPlatforms) = postSolution
		{F66D6A07-9E14-431D-8C36-AA2BA1635095}.Debug|Any CPU.ActiveCfg = Debug|Any CPU
		{F66D6A07-9E14-431D-8C36-AA2BA1635095}.Debug|Any CPU.Build.0 = Debug|Any CPU
		{F66D6A07-9E14-431D-8C36-AA2BA1635095}.Release|Any CPU.ActiveCfg = Release|Any CPU
		{F66D6A07-9E14-431D-8C36-AA2BA1635095}.Release|Any CPU.Build.0 = Release|Any CPU
	EndGlobalSection
	GlobalSection(SolutionProperties) = preSolution
		HideSolutionNode = FALSE
	EndGlobalSection
	GlobalSection(ExtensibilityGlobals) = postSolution
		SolutionGuid = {6951C07C-3892-45F8-B5AF-50921F547E33}
	EndGlobalSection
EndGlobal
